
Microsoft Visual Studio Solution File, Format Version 12.00
# Visual Studio Version 17
VisualStudioVersion = 17.5.002.0
MinimumVisualStudioVersion = 10.0.40219.1
Project("{9A19103F-16F7-4668-BE54-9A1E7A4F7556}") = "WebApiTest", "WebApiTest.csproj", "{09F1E1D9-57B5-4BC2-B35F-24970AC3BFD7}"
EndProject
Global
	GlobalSection(SolutionConfigurationPlatforms) = preSolution
		Debug|Any CPU = Debug|Any CPU
		Release|Any CPU = Release|Any CPU
	EndGlobalSection
	GlobalSection(ProjectConfigurationPlatforms) = postSolution
		{09F1E1D9-57B5-4BC2-B35F-24970AC3BFD7}.Debug|Any CPU.ActiveCfg = Debug|Any CPU
		{09F1E1D9-57B5-4BC2-B35F-24970AC3BFD7}.Debug|Any CPU.Build.0 = Debug|Any CPU
		{09F1E1D9-57B5-4BC2-B35F-24970AC3BFD7}.Release|Any CPU.ActiveCfg = Release|Any CPU
		{09F1E1D9-57B5-4BC2-B35F-24970AC3BFD7}.Release|Any CPU.Build.0 = Release|Any CPU
	EndGlobalSection
	GlobalSection(SolutionProperties) = preSolution
		HideSolutionNode = FALSE
	EndGlobalSection
	GlobalSection(ExtensibilityGlobals) = postSolution
		SolutionGuid = {849BF36D-C589-4A2D-8DE2-86834F7806EE}
	EndGlobalSection
EndGlobal
